
Microsoft Visual Studio Solution File, Format Version 12.00
# Visual Studio Version 16
VisualStudioVersion = 16.0.29728.190
MinimumVisualStudioVersion = 10.0.40219.1
Project("{9A19103F-16F7-4668-BE54-9A1E7A4F7556}") = "C45", "C45\C45.csproj", "{0A13C72E-C14F-471F-8E87-70C5C3BCEA49}"
EndProject
Project("{FAE04EC0-301F-11D3-BF4B-00C04F79EFBC}") = "XUnitTestProject1", "XUnitTestProject1\XUnitTestProject1.csproj", "{F485DF4A-121E-4862-B430-7B348EE14B15}"
EndProject
Global
	GlobalSection(SolutionConfigurationPlatforms) = preSolution
		Debug|Any CPU = Debug|Any CPU
		Release|Any CPU = Release|Any CPU
	EndGlobalSection
	GlobalSection(ProjectConfigurationPlatforms) = postSolution
		{0A13C72E-C14F-471F-8E87-70C5C3BCEA49}.Debug|Any CPU.ActiveCfg = Debug|Any CPU
		{0A13C72E-C14F-471F-8E87-70C5C3BCEA49}.Debug|Any CPU.Build.0 = Debug|Any CPU
		{0A13C72E-C14F-471F-8E87-70C5C3BCEA49}.Release|Any CPU.ActiveCfg = Release|Any CPU
		{0A13C72E-C14F-471F-8E87-70C5C3BCEA49}.Release|Any CPU.Build.0 = Release|Any CPU
		{F485DF4A-121E-4862-B430-7B348EE14B15}.Debug|Any CPU.ActiveCfg = Debug|Any CPU
		{F485DF4A-121E-4862-B430-7B348EE14B15}.Debug|Any CPU.Build.0 = Debug|Any CPU
		{F485DF4A-121E-4862-B430-7B348EE14B15}.Release|Any CPU.ActiveCfg = Release|Any CPU
		{F485DF4A-121E-4862-B430-7B348EE14B15}.Release|Any CPU.Build.0 = Release|Any CPU
	EndGlobalSection
	GlobalSection(SolutionProperties) = preSolution
		HideSolutionNode = FALSE
	EndGlobalSection
	GlobalSection(ExtensibilityGlobals) = postSolution
		SolutionGuid = {7FE2C3B8-C6CF-45AB-974C-028C2E3C6D6F}
	EndGlobalSection
EndGlobal
